
Microsoft Visual Studio Solution File, Format Version 12.00
# Visual Studio Version 16
VisualStudioVersion = 16.0.30503.244
MinimumVisualStudioVersion = 10.0.40219.1
Project("{9A19103F-16F7-4668-BE54-9A1E7A4F7556}") = "TrabalhoAPI", "TrabalhoAPI\TrabalhoAPI.csproj", "{92895324-F46F-47CA-B21D-2932B67D82A4}"
EndProject
Project("{9A19103F-16F7-4668-BE54-9A1E7A4F7556}") = "Context", "ClassLibrary\Context.csproj", "{601AACB9-6D04-4D63-920A-AD8C97087906}"
EndProject
Global
	GlobalSection(SolutionConfigurationPlatforms) = preSolution
		Debug|Any CPU = Debug|Any CPU
		Release|Any CPU = Release|Any CPU
	EndGlobalSection
	GlobalSection(ProjectConfigurationPlatforms) = postSolution
		{92895324-F46F-47CA-B21D-2932B67D82A4}.Debug|Any CPU.ActiveCfg = Debug|Any CPU
		{92895324-F46F-47CA-B21D-2932B67D82A4}.Debug|Any CPU.Build.0 = Debug|Any CPU
		{92895324-F46F-47CA-B21D-2932B67D82A4}.Release|Any CPU.ActiveCfg = Release|Any CPU
		{92895324-F46F-47CA-B21D-2932B67D82A4}.Release|Any CPU.Build.0 = Release|Any CPU
		{601AACB9-6D04-4D63-920A-AD8C97087906}.Debug|Any CPU.ActiveCfg = Debug|Any CPU
		{601AACB9-6D04-4D63-920A-AD8C97087906}.Debug|Any CPU.Build.0 = Debug|Any CPU
		{601AACB9-6D04-4D63-920A-AD8C97087906}.Release|Any CPU.ActiveCfg = Release|Any CPU
		{601AACB9-6D04-4D63-920A-AD8C97087906}.Release|Any CPU.Build.0 = Release|Any CPU
	EndGlobalSection
	GlobalSection(SolutionProperties) = preSolution
		HideSolutionNode = FALSE
	EndGlobalSection
	GlobalSection(ExtensibilityGlobals) = postSolution
		SolutionGuid = {F2D685EA-CF95-45C2-B5F4-3EC3D9D93EDA}
	EndGlobalSection
EndGlobal
